
Microsoft Visual Studio Solution File, Format Version 12.00
# Visual Studio 2012
Project("{8BC9CEB8-8B4A-11D0-8D11-00A0C91BC942}") = "svTicketM", "svTicketM\svTicketM.vcxproj", "{5C5A4562-267E-476C-8FCE-C9DE1581FB29}"
EndProject
Project("{8BC9CEB8-8B4A-11D0-8D11-00A0C91BC942}") = "svTicketC", "svTicketC\svTicketC.vcxproj", "{2AB0DB18-5B7A-4379-85E4-798094DE4E43}"
EndProject
Global
	GlobalSection(SolutionConfigurationPlatforms) = preSolution
		Debug|Win32 = Debug|Win32
		Release|Win32 = Release|Win32
	EndGlobalSection
	GlobalSection(ProjectConfigurationPlatforms) = postSolution
		{5C5A4562-267E-476C-8FCE-C9DE1581FB29}.Debug|Win32.ActiveCfg = Debug|Win32
		{5C5A4562-267E-476C-8FCE-C9DE1581FB29}.Debug|Win32.Build.0 = Debug|Win32
		{5C5A4562-267E-476C-8FCE-C9DE1581FB29}.Release|Win32.ActiveCfg = Release|Win32
		{5C5A4562-267E-476C-8FCE-C9DE1581FB29}.Release|Win32.Build.0 = Release|Win32
		{2AB0DB18-5B7A-4379-85E4-798094DE4E43}.Debug|Win32.ActiveCfg = Debug|Win32
		{2AB0DB18-5B7A-4379-85E4-798094DE4E43}.Debug|Win32.Build.0 = Debug|Win32
		{2AB0DB18-5B7A-4379-85E4-798094DE4E43}.Release|Win32.ActiveCfg = Release|Win32
		{2AB0DB18-5B7A-4379-85E4-798094DE4E43}.Release|Win32.Build.0 = Release|Win32
	EndGlobalSection
	GlobalSection(SolutionProperties) = preSolution
		HideSolutionNode = FALSE
	EndGlobalSection
EndGlobal
