<?xml version="1.0" encoding="utf-8"?>
<Project ToolsVersion="4.0" xmlns="http://schemas.microsoft.com/developer/msbuild/2003">
  <ItemGroup>
    <Filter Include="源文件">
      <UniqueIdentifier>{4FC737F1-C7A5-4376-A066-2A32D752A2FF}</UniqueIdentifier>
      <Extensions>cpp;c;cc;cxx;def;odl;idl;hpj;bat;asm;asmx</Extensions>
    </Filter>
    <Filter Include="头文件">
      <UniqueIdentifier>{93995380-89BD-4b04-88EB-625FBE52EBFB}</UniqueIdentifier>
      <Extensions>h;hpp;hxx;hm;inl;inc;xsd</Extensions>
    </Filter>
    <Filter Include="资源文件">
      <UniqueIdentifier>{67DA6AB6-F800-4c08-8B7A-83BB121AAD01}</UniqueIdentifier>
      <Extensions>rc;ico;cur;bmp;dlg;rc2;rct;bin;rgs;gif;jpg;jpeg;jpe;resx;tiff;tif;png;wav;mfcribbon-ms</Extensions>
    </Filter>
    <Filter Include="win32-utils">
      <UniqueIdentifier>{9462caa8-02df-4557-bf62-0ed38dda2038}</UniqueIdentifier>
    </Filter>
    <Filter Include="svhttp">
      <UniqueIdentifier>{8017c2e7-e5fd-4d77-a40a-07aec9c6dac2}</UniqueIdentifier>
    </Filter>
    <Filter Include="svtickets">
      <UniqueIdentifier>{c55162e4-af19-450d-9cb3-325f0eb49479}</UniqueIdentifier>
    </Filter>
    <Filter Include="ctrl-ext">
      <UniqueIdentifier>{71363b70-04f5-44ac-9a25-fcd4f1a5f7b9}</UniqueIdentifier>
    </Filter>
    <Filter Include="ctrl-ext\grid_ext">
      <UniqueIdentifier>{c4696031-499b-4b00-9224-223b0af60680}</UniqueIdentifier>
    </Filter>
  </ItemGroup>
  <ItemGroup>
    <Text Include="ReadMe.txt" />
  </ItemGroup>
  <ItemGroup>
    <ClInclude Include="svTicketM.h">
      <Filter>头文件</Filter>
    </ClInclude>
    <ClInclude Include="svTicketMDlg.h">
      <Filter>头文件</Filter>
    </ClInclude>
    <ClInclude Include="stdafx.h">
      <Filter>头文件</Filter>
    </ClInclude>
    <ClInclude Include="targetver.h">
      <Filter>头文件</Filter>
    </ClInclude>
    <ClInclude Include="Resource.h">
      <Filter>头文件</Filter>
    </ClInclude>
    <ClInclude Include="checkCombobox\CheckComboBox.h">
      <Filter>ctrl-ext</Filter>
    </ClInclude>
    <ClInclude Include="..\win32-utils\bencode.hpp">
      <Filter>win32-utils</Filter>
    </ClInclude>
    <ClInclude Include="..\win32-utils\ximage.hpp">
      <Filter>win32-utils</Filter>
    </ClInclude>
    <ClInclude Include="GridCtrl_src\CellRange.h">
      <Filter>ctrl-ext\grid_ext</Filter>
    </ClInclude>
    <ClInclude Include="GridCtrl_src\GridCell.h">
      <Filter>ctrl-ext\grid_ext</Filter>
    </ClInclude>
    <ClInclude Include="GridCtrl_src\GridCellBase.h">
      <Filter>ctrl-ext\grid_ext</Filter>
    </ClInclude>
    <ClInclude Include="GridCtrl_src\GridCtrl.h">
      <Filter>ctrl-ext\grid_ext</Filter>
    </ClInclude>
    <ClInclude Include="GridCtrl_src\GridDropTarget.h">
      <Filter>ctrl-ext\grid_ext</Filter>
    </ClInclude>
    <ClInclude Include="GridCtrl_src\InPlaceEdit.h">
      <Filter>ctrl-ext\grid_ext</Filter>
    </ClInclude>
    <ClInclude Include="GridCtrl_src\TitleTip.h">
      <Filter>ctrl-ext\grid_ext</Filter>
    </ClInclude>
    <ClInclude Include="GridCtrl_src\MemDC.h">
      <Filter>ctrl-ext\grid_ext</Filter>
    </ClInclude>
    <ClInclude Include="autoComplete\StationEdit.h">
      <Filter>ctrl-ext</Filter>
    </ClInclude>
    <ClInclude Include="autoComplete\StationListWnd.h">
      <Filter>ctrl-ext</Filter>
    </ClInclude>
    <ClInclude Include="..\..\svtickets\dynamic_encrypt.hpp">
      <Filter>svtickets</Filter>
    </ClInclude>
    <ClInclude Include="..\..\svhttp\bencode.h">
      <Filter>svhttp</Filter>
    </ClInclude>
    <ClInclude Include="..\..\svhttp\svhttp.h">
      <Filter>svhttp</Filter>
    </ClInclude>
    <ClInclude Include="..\..\svhttp\svlogger.h">
      <Filter>svhttp</Filter>
    </ClInclude>
    <ClInclude Include="NewCellTypes\GridURLCell.h">
      <Filter>ctrl-ext\grid_ext</Filter>
    </ClInclude>
    <ClInclude Include="StopStationDlg.h">
      <Filter>头文件</Filter>
    </ClInclude>
    <ClInclude Include="LoginDlg.h">
      <Filter>头文件</Filter>
    </ClInclude>
    <ClInclude Include="..\win32-utils\xdecaptcha.h">
      <Filter>win32-utils</Filter>
    </ClInclude>
    <ClInclude Include="PassengerDlg.h">
      <Filter>头文件</Filter>
    </ClInclude>
    <ClInclude Include="..\..\svtickets\left_ticket.hpp">
      <Filter>svtickets</Filter>
    </ClInclude>
    <ClInclude Include="..\..\svtickets\station.hpp">
      <Filter>svtickets</Filter>
    </ClInclude>
    <ClInclude Include="..\..\svtickets\svticket.h">
      <Filter>svtickets</Filter>
    </ClInclude>
    <ClInclude Include="..\..\svtickets\ticket_manager.h">
      <Filter>svtickets</Filter>
    </ClInclude>
    <ClInclude Include="..\..\svtickets\passenger.h">
      <Filter>svtickets</Filter>
    </ClInclude>
    <ClInclude Include="CheckOrderDlg.h">
      <Filter>头文件</Filter>
    </ClInclude>
    <ClInclude Include="..\..\svhttp\http_client.h">
      <Filter>svhttp</Filter>
    </ClInclude>
    <ClInclude Include="NewCellTypes\GridCellCombo.h">
      <Filter>ctrl-ext\grid_ext</Filter>
    </ClInclude>
  </ItemGroup>
  <ItemGroup>
    <ClCompile Include="svTicketM.cpp">
      <Filter>源文件</Filter>
    </ClCompile>
    <ClCompile Include="svTicketMDlg.cpp">
      <Filter>源文件</Filter>
    </ClCompile>
    <ClCompile Include="stdafx.cpp">
      <Filter>源文件</Filter>
    </ClCompile>
    <ClCompile Include="checkCombobox\CheckComboBox.cpp">
      <Filter>ctrl-ext</Filter>
    </ClCompile>
    <ClCompile Include="..\win32-utils\ximage.cpp">
      <Filter>win32-utils</Filter>
    </ClCompile>
    <ClCompile Include="GridCtrl_src\GridCell.cpp">
      <Filter>ctrl-ext\grid_ext</Filter>
    </ClCompile>
    <ClCompile Include="GridCtrl_src\GridCellBase.cpp">
      <Filter>ctrl-ext\grid_ext</Filter>
    </ClCompile>
    <ClCompile Include="GridCtrl_src\GridCtrl.cpp">
      <Filter>ctrl-ext\grid_ext</Filter>
    </ClCompile>
    <ClCompile Include="GridCtrl_src\GridDropTarget.cpp">
      <Filter>ctrl-ext\grid_ext</Filter>
    </ClCompile>
    <ClCompile Include="GridCtrl_src\InPlaceEdit.cpp">
      <Filter>ctrl-ext\grid_ext</Filter>
    </ClCompile>
    <ClCompile Include="GridCtrl_src\TitleTip.cpp">
      <Filter>ctrl-ext\grid_ext</Filter>
    </ClCompile>
    <ClCompile Include="autoComplete\StationEdit.cpp">
      <Filter>ctrl-ext</Filter>
    </ClCompile>
    <ClCompile Include="autoComplete\StationListWnd.cpp">
      <Filter>ctrl-ext</Filter>
    </ClCompile>
    <ClCompile Include="..\..\svhttp\bencode.cpp">
      <Filter>svhttp</Filter>
    </ClCompile>
    <ClCompile Include="..\..\svhttp\svlogger.cpp">
      <Filter>svhttp</Filter>
    </ClCompile>
    <ClCompile Include="NewCellTypes\GridURLCell.cpp">
      <Filter>ctrl-ext\grid_ext</Filter>
    </ClCompile>
    <ClCompile Include="StopStationDlg.cpp">
      <Filter>源文件</Filter>
    </ClCompile>
    <ClCompile Include="LoginDlg.cpp">
      <Filter>源文件</Filter>
    </ClCompile>
    <ClCompile Include="..\win32-utils\xdecaptcha.cpp">
      <Filter>win32-utils</Filter>
    </ClCompile>
    <ClCompile Include="PassengerDlg.cpp">
      <Filter>源文件</Filter>
    </ClCompile>
    <ClCompile Include="..\..\svtickets\ticket_manager.cpp">
      <Filter>svtickets</Filter>
    </ClCompile>
    <ClCompile Include="..\..\svtickets\passenger.cpp">
      <Filter>svtickets</Filter>
    </ClCompile>
    <ClCompile Include="CheckOrderDlg.cpp">
      <Filter>源文件</Filter>
    </ClCompile>
    <ClCompile Include="..\..\svhttp\http_client.cpp">
      <Filter>svhttp</Filter>
    </ClCompile>
    <ClCompile Include="..\..\svtickets\dynamic_encrypt.cpp">
      <Filter>svtickets</Filter>
    </ClCompile>
    <ClCompile Include="NewCellTypes\GridCellCombo.cpp">
      <Filter>ctrl-ext\grid_ext</Filter>
    </ClCompile>
  </ItemGroup>
  <ItemGroup>
    <ResourceCompile Include="svTicketM.rc">
      <Filter>资源文件</Filter>
    </ResourceCompile>
  </ItemGroup>
  <ItemGroup>
    <None Include="res\svTicketM.rc2">
      <Filter>资源文件</Filter>
    </None>
  </ItemGroup>
  <ItemGroup>
    <Image Include="res\svTicketM.ico">
      <Filter>资源文件</Filter>
    </Image>
  </ItemGroup>
</Project>